// !$*UTF8*$!
{
	archiveVersion = 1;
	classes = {
	};
	objectVersion = 50;
	objects = {

/* Begin PBXBuildFile section */
		59FDD1A5237A4B3D0060CF54 /* AppDelegate.swift in Sources */ = {isa = PBXBuildFile; fileRef = 59FDD1A4237A4B3D0060CF54 /* AppDelegate.swift */; };
		59FDD1A7237A4B3D0060CF54 /* SceneDelegate.swift in Sources */ = {isa = PBXBuildFile; fileRef = 59FDD1A6237A4B3D0060CF54 /* SceneDelegate.swift */; };
		59FDD1A9237A4B3D0060CF54 /* ContentView.swift in Sources */ = {isa = PBXBuildFile; fileRef = 59FDD1A8237A4B3D0060CF54 /* ContentView.swift */; };
		59FDD1AB237A4B3E0060CF54 /* Assets.xcassets in Resources */ = {isa = PBXBuildFile; fileRef = 59FDD1AA237A4B3E0060CF54 /* Assets.xcassets */; };
		59FDD1AE237A4B3E0060CF54 /* Preview Assets.xcassets in Resources */ = {isa = PBXBuildFile; fileRef = 59FDD1AD237A4B3E0060CF54 /* Preview Assets.xcassets */; };
		59FDD1B1237A4B3E0060CF54 /* LaunchScreen.storyboard in Resources */ = {isa = PBXBuildFile; fileRef = 59FDD1AF237A4B3E0060CF54 /* LaunchScreen.storyboard */; };
		59FDD1BB237A79970060CF54 /* Textarea.swift in Sources */ = {isa = PBXBuildFile; fileRef = 59FDD1BA237A79970060CF54 /* Textarea.swift */; };
/* End PBXBuildFile section */

/* Begin PBXFileReference section */
		59FDD1A1237A4B3D0060CF54 /* 00657140_hw3.app */ = {isa = PBXFileReference; explicitFileType = wrapper.application; includeInIndex = 0; path = 00657140_hw3.app; sourceTree = BUILT_PRODUCTS_DIR; };
		59FDD1A4237A4B3D0060CF54 /* AppDelegate.swift */ = {isa = PBXFileReference; lastKnownFileType = sourcecode.swift; path = AppDelegate.swift; sourceTree = "<group>"; };
		59FDD1A6237A4B3D0060CF54 /* SceneDelegate.swift */ = {isa = PBXFileReference; lastKnownFileType = sourcecode.swift; path = SceneDelegate.swift; sourceTree = "<group>"; };
		59FDD1A8237A4B3D0060CF54 /* ContentView.swift */ = {isa = PBXFileReference; lastKnownFileType = sourcecode.swift; path = ContentView.swift; sourceTree = "<group>"; };
		59FDD1AA237A4B3E0060CF54 /* Assets.xcassets */ = {isa = PBXFileReference; lastKnownFileType = folder.assetcatalog; path = Assets.xcassets; sourceTree = "<group>"; };
		59FDD1AD237A4B3E0060CF54 /* Preview Assets.xcassets */ = {isa = PBXFileReference; lastKnownFileType = folder.assetcatalog; path = "Preview Assets.xcassets"; sourceTree = "<group>"; };
		59FDD1B0237A4B3E0060CF54 /* Base */ = {isa = PBXFileReference; lastKnownFileType = file.storyboard; name = Base; path = Base.lproj/LaunchScreen.storyboard; sourceTree = "<group>"; };
		59FDD1B2237A4B3E0060CF54 /* Info.plist */ = {isa = PBXFileReference; lastKnownFileType = text.plist.xml; path = Info.plist; sourceTree = "<group>"; };
		59FDD1BA237A79970060CF54 /* Textarea.swift */ = {isa = PBXFileReference; lastKnownFileType = sourcecode.swift; name = Textarea.swift; path = ../Textarea.swift; sourceTree = "<group>"; };
/* End PBXFileReference section */

/* Begin PBXFrameworksBuildPhase section */
		59FDD19E237A4B3D0060CF54 /* Frameworks */ = {
			isa = PBXFrameworksBuildPhase;
			buildActionMask = 2147483647;
			files = (
			);
			runOnlyForDeploymentPostprocessing = 0;
		};
/* End PBXFrameworksBuildPhase section */

/* Begin PBXGroup section */
		59FDD198237A4B3D0060CF54 = {
			isa = PBXGroup;
			children = (
				59FDD1A3237A4B3D0060CF54 /* 00657140_hw3 */,
				59FDD1A2237A4B3D0060CF54 /* Products */,
			);
			sourceTree = "<group>";
		};
		59FDD1A2237A4B3D0060CF54 /* Products */ = {
			isa = PBXGroup;
			children = (
				59FDD1A1237A4B3D0060CF54 /* 00657140_hw3.app */,
			);
			name = Products;
			sourceTree = "<group>";
		};
		59FDD1A3237A4B3D0060CF54 /* 00657140_hw3 */ = {
			isa = PBXGroup;
			children = (
				59FDD1A4237A4B3D0060CF54 /* AppDelegate.swift */,
				59FDD1A6237A4B3D0060CF54 /* SceneDelegate.swift */,
				59FDD1A8237A4B3D0060CF54 /* ContentView.swift */,
				59FDD1BA237A79970060CF54 /* Textarea.swift */,
				59FDD1AA237A4B3E0060CF54 /* Assets.xcassets */,
				59FDD1AF237A4B3E0060CF54 /* LaunchScreen.storyboard */,
				59FDD1B2237A4B3E0060CF54 /* Info.plist */,
				59FDD1AC237A4B3E0060CF54 /* Preview Content */,
			);
			path = 00657140_hw3;
			sourceTree = "<group>";
		};
		59FDD1AC237A4B3E0060CF54 /* Preview Content */ = {
			isa = PBXGroup;
			children = (
				59FDD1AD237A4B3E0060CF54 /* Preview Assets.xcassets */,
			);
			path = "Preview Content";
			sourceTree = "<group>";
		};
/* End PBXGroup section */

/* Begin PBXNativeTarget section */
		59FDD1A0237A4B3D0060CF54 /* 00657140_hw3 */ = {
			isa = PBXNativeTarget;
			buildConfigurationList = 59FDD1B5237A4B3E0060CF54 /* Build configuration list for PBXNativeTarget "00657140_hw3" */;
			buildPhases = (
				59FDD19D237A4B3D0060CF54 /* Sources */,
				59FDD19E237A4B3D0060CF54 /* Frameworks */,
				59FDD19F237A4B3D0060CF54 /* Resources */,
			);
			buildRules = (
			);
			dependencies = (
			);
			name = 00657140_hw3;
			productName = 00657140_hw3;
			productReference = 59FDD1A1237A4B3D0060CF54 /* 00657140_hw3.app */;
			productType = "com.apple.product-type.application";
		};
/* End PBXNativeTarget section */

/* Begin PBXProject section */
		59FDD199237A4B3D0060CF54 /* Project object */ = {
			isa = PBXProject;
			attributes = {
				LastSwiftUpdateCheck = 1110;
				LastUpgradeCheck = 1110;
				ORGANIZATIONNAME = User06;
				TargetAttributes = {
					59FDD1A0237A4B3D0060CF54 = {
						CreatedOnToolsVersion = 11.1;
					};
				};
			};
			buildConfigurationList = 59FDD19C237A4B3D0060CF54 /* Build configuration list for PBXProject "00657140_hw3" */;
			compatibilityVersion = "Xcode 9.3";
			developmentRegion = en;
			hasScannedForEncodings = 0;
			knownRegions = (
				en,
				Base,
			);
			mainGroup = 59FDD198237A4B3D0060CF54;
			productRefGroup = 59FDD1A2237A4B3D0060CF54 /* Products */;
			projectDirPath = "";
			projectRoot = "";
			targets = (
				59FDD1A0237A4B3D0060CF54 /* 00657140_hw3 */,
			);
		};
/* End PBXProject section */

/* Begin PBXResourcesBuildPhase section */
		59FDD19F237A4B3D0060CF54 /* Resources */ = {
			isa = PBXResourcesBuildPhase;
			buildActionMask = 2147483647;
			files = (
				59FDD1B1237A4B3E0060CF54 /* LaunchScreen.storyboard in Resources */,
				59FDD1AE237A4B3E0060CF54 /* Preview Assets.xcassets in Resources */,
				59FDD1AB237A4B3E0060CF54 /* Assets.xcassets in Resources */,
			);
			runOnlyForDeploymentPostprocessing = 0;
		};
/* End PBXResourcesBuildPhase section */

/* Begin PBXSourcesBuildPhase section */
		59FDD19D237A4B3D0060CF54 /* Sources */ = {
			isa = PBXSourcesBuildPhase;
			buildActionMask = 2147483647;
			files = (
				59FDD1A5237A4B3D0060CF54 /* AppDelegate.swift in Sources */,
				59FDD1A7237A4B3D0060CF54 /* SceneDelegate.swift in Sources */,
				59FDD1A9237A4B3D0060CF54 /* ContentView.swift in Sources */,
				59FDD1BB237A79970060CF54 /* Textarea.swift in Sources */,
			);
			runOnlyForDeploymentPostprocessing = 0;
		};
/* End PBXSourcesBuildPhase section */

/* Begin PBXVariantGroup section */
		59FDD1AF237A4B3E0060CF54 /* LaunchScreen.storyboard */ = {
			isa = PBXVariantGroup;
			children = (
				59FDD1B0237A4B3E0060CF54 /* Base */,
			);
			name = LaunchScreen.storyboard;
			sourceTree = "<group>";
		};
/* End PBXVariantGroup section */

/* Begin XCBuildConfiguration section */
		59FDD1B3237A4B3E0060CF54 /* Debug */ = {
			isa = XCBuildConfiguration;
			buildSettings = {
				ALWAYS_SEARCH_USER_PATHS = NO;
				CLANG_ANALYZER_NONNULL = YES;
				CLANG_ANALYZER_NUMBER_OBJECT_CONVERSION = YES_AGGRESSIVE;
				CLANG_CXX_LANGUAGE_STANDARD = "gnu++14";
				CLANG_CXX_LIBRARY = "libc++";
				CLANG_ENABLE_MODULES = YES;
				CLANG_ENABLE_OBJC_ARC = YES;
				CLANG_ENABLE_OBJC_WEAK = YES;
				CLANG_WARN_BLOCK_CAPTURE_AUTORELEASING = YES;
				CLANG_WARN_BOOL_CONVERSION = YES;
				CLANG_WARN_COMMA = YES;
				CLANG_WARN_CONSTANT_CONVERSION = YES;
				CLANG_WARN_DEPRECATED_OBJC_IMPLEMENTATIONS = YES;
				CLANG_WARN_DIRECT_OBJC_ISA_USAGE = YES_ERROR;
				CLANG_WARN_DOCUMENTATION_COMMENTS = YES;
				CLANG_WARN_EMPTY_BODY = YES;
				CLANG_WARN_ENUM_CONVERSION = YES;
				CLANG_WARN_INFINITE_RECURSION = YES;
				CLANG_WARN_INT_CONVERSION = YES;
				CLANG_WARN_NON_LITERAL_NULL_CONVERSION = YES;
				CLANG_WARN_OBJC_IMPLICIT_RETAIN_SELF = YES;
				CLANG_WARN_OBJC_LITERAL_CONVERSION = YES;
				CLANG_WARN_OBJC_ROOT_CLASS = YES_ERROR;
				CLANG_WARN_RANGE_LOOP_ANALYSIS = YES;
				CLANG_WARN_STRICT_PROTOTYPES = YES;
				CLANG_WARN_SUSPICIOUS_MOVE = YES;
				CLANG_WARN_UNGUARDED_AVAILABILITY = YES_AGGRESSIVE;
				CLANG_WARN_UNREACHABLE_CODE = YES;
				CLANG_WARN__DUPLICATE_METHOD_MATCH = YES;
				COPY_PHASE_STRIP = NO;
				DEBUG_INFORMATION_FORMAT = dwarf;
				ENABLE_STRICT_OBJC_MSGSEND = YES;
				ENABLE_TESTABILITY = YES;
				GCC_C_LANGUAGE_STANDARD = gnu11;
				GCC_DYNAMIC_NO_PIC = NO;
				GCC_NO_COMMON_BLOCKS = YES;
				GCC_OPTIMIZATION_LEVEL = 0;
				GCC_PREPROCESSOR_DEFINITIONS = (
					"DEBUG=1",
					"$(inherited)",
				);
				GCC_WARN_64_TO_32_BIT_CONVERSION = YES;
				GCC_WARN_ABOUT_RETURN_TYPE = YES_ERROR;
				GCC_WARN_UNDECLARED_SELECTOR = YES;
				GCC_WARN_UNINITIALIZED_AUTOS = YES_AGGRESSIVE;
				GCC_WARN_UNUSED_FUNCTION = YES;
				GCC_WARN_UNUSED_VARIABLE = YES;
				IPHONEOS_DEPLOYMENT_TARGET = 13.1;
				MTL_ENABLE_DEBUG_INFO = INCLUDE_SOURCE;
				MTL_FAST_MATH = YES;
				ONLY_ACTIVE_ARCH = YES;
				SDKROOT = iphoneos;
				SWIFT_ACTIVE_COMPILATION_CONDITIONS = DEBUG;
				SWIFT_OPTIMIZATION_LEVEL = "-Onone";
			};
			name = Debug;
		};
		59FDD1B4237A4B3E0060CF54 /* Release */ = {
			isa = XCBuildConfiguration;
			buildSettings = {
				ALWAYS_SEARCH_USER_PATHS = NO;
				CLANG_ANALYZER_NONNULL = YES;
				CLANG_ANALYZER_NUMBER_OBJECT_CONVERSION = YES_AGGRESSIVE;
				CLANG_CXX_LANGUAGE_STANDARD = "gnu++14";
				CLANG_CXX_LIBRARY = "libc++";
				CLANG_ENABLE_MODULES = YES;
				CLANG_ENABLE_OBJC_ARC = YES;
				CLANG_ENABLE_OBJC_WEAK = YES;
				CLANG_WARN_BLOCK_CAPTURE_AUTORELEASING = YES;
				CLANG_WARN_BOOL_CONVERSION = YES;
				CLANG_WARN_COMMA = YES;
				CLANG_WARN_CONSTANT_CONVERSION = YES;
				CLANG_WARN_DEPRECATED_OBJC_IMPLEMENTATIONS = YES;
				CLANG_WARN_DIRECT_OBJC_ISA_USAGE = YES_ERROR;
				CLANG_WARN_DOCUMENTATION_COMMENTS = YES;
				CLANG_WARN_EMPTY_BODY = YES;
				CLANG_WARN_ENUM_CONVERSION = YES;
				CLANG_WARN_INFINITE_RECURSION = YES;
				CLANG_WARN_INT_CONVERSION = YES;
				CLANG_WARN_NON_LITERAL_NULL_CONVERSION = YES;
				CLANG_WARN_OBJC_IMPLICIT_RETAIN_SELF = YES;
				CLANG_WARN_OBJC_LITERAL_CONVERSION = YES;
				CLANG_WARN_OBJC_ROOT_CLASS = YES_ERROR;
				CLANG_WARN_RANGE_LOOP_ANALYSIS = YES;
				CLANG_WARN_STRICT_PROTOTYPES = YES;
				CLANG_WARN_SUSPICIOUS_MOVE = YES;
				CLANG_WARN_UNGUARDED_AVAILABILITY = YES_AGGRESSIVE;
				CLANG_WARN_UNREACHABLE_CODE = YES;
				CLANG_WARN__DUPLICATE_METHOD_MATCH = YES;
				COPY_PHASE_STRIP = NO;
				DEBUG_INFORMATION_FORMAT = "dwarf-with-dsym";
				ENABLE_NS_ASSERTIONS = NO;
				ENABLE_STRICT_OBJC_MSGSEND = YES;
				GCC_C_LANGUAGE_STANDARD = gnu11;
				GCC_NO_COMMON_BLOCKS = YES;
				GCC_WARN_64_TO_32_BIT_CONVERSION = YES;
				GCC_WARN_ABOUT_RETURN_TYPE = YES_ERROR;
				GCC_WARN_UNDECLARED_SELECTOR = YES;
				GCC_WARN_UNINITIALIZED_AUTOS = YES_AGGRESSIVE;
				GCC_WARN_UNUSED_FUNCTION = YES;
				GCC_WARN_UNUSED_VARIABLE = YES;
				IPHONEOS_DEPLOYMENT_TARGET = 13.1;
				MTL_ENABLE_DEBUG_INFO = NO;
				MTL_FAST_MATH = YES;
				SDKROOT = iphoneos;
				SWIFT_COMPILATION_MODE = wholemodule;
				SWIFT_OPTIMIZATION_LEVEL = "-O";
				VALIDATE_PRODUCT = YES;
			};
			name = Release;
		};
		59FDD1B6237A4B3E0060CF54 /* Debug */ = {
			isa = XCBuildConfiguration;
			buildSettings = {
				ASSETCATALOG_COMPILER_APPICON_NAME = AppIcon;
				CODE_SIGN_STYLE = Automatic;
				DEVELOPMENT_ASSET_PATHS = "\"00657140_hw3/Preview Content\"";
				ENABLE_PREVIEWS = YES;
				INFOPLIST_FILE = 00657140_hw3/Info.plist;
				LD_RUNPATH_SEARCH_PATHS = (
					"$(inherited)",
					"@executable_path/Frameworks",
				);
				PRODUCT_BUNDLE_IDENTIFIER = "Lw.-0657140-hw3";
				PRODUCT_NAME = "$(TARGET_NAME)";
				SWIFT_VERSION = 5.0;
				TARGETED_DEVICE_FAMILY = "1,2";
			};
			name = Debug;
		};
		59FDD1B7237A4B3E0060CF54 /* Release */ = {
			isa = XCBuildConfiguration;
			buildSettings = {
				ASSETCATALOG_COMPILER_APPICON_NAME = AppIcon;
				CODE_SIGN_STYLE = Automatic;
				DEVELOPMENT_ASSET_PATHS = "\"00657140_hw3/Preview Content\"";
				ENABLE_PREVIEWS = YES;
				INFOPLIST_FILE = 00657140_hw3/Info.plist;
				LD_RUNPATH_SEARCH_PATHS = (
					"$(inherited)",
					"@executable_path/Frameworks",
				);
				PRODUCT_BUNDLE_IDENTIFIER = "Lw.-0657140-hw3";
				PRODUCT_NAME = "$(TARGET_NAME)";
				SWIFT_VERSION = 5.0;
				TARGETED_DEVICE_FAMILY = "1,2";
			};
			name = Release;
		};
/* End XCBuildConfiguration section */

/* Begin XCConfigurationList section */
		59FDD19C237A4B3D0060CF54 /* Build configuration list for PBXProject "00657140_hw3" */ = {
			isa = XCConfigurationList;
			buildConfigurations = (
				59FDD1B3237A4B3E0060CF54 /* Debug */,
				59FDD1B4237A4B3E0060CF54 /* Release */,
			);
			defaultConfigurationIsVisible = 0;
			defaultConfigurationName = Release;
		};
		59FDD1B5237A4B3E0060CF54 /* Build configuration list for PBXNativeTarget "00657140_hw3" */ = {
			isa = XCConfigurationList;
			buildConfigurations = (
				59FDD1B6237A4B3E0060CF54 /* Debug */,
				59FDD1B7237A4B3E0060CF54 /* Release */,
			);
			defaultConfigurationIsVisible = 0;
			defaultConfigurationName = Release;
		};
/* End XCConfigurationList section */
	};
	rootObject = 59FDD199237A4B3D0060CF54 /* Project object */;
}
